
Microsoft Visual Studio Solution File, Format Version 12.00
# Visual Studio Version 17
VisualStudioVersion = 17.6.33815.320
MinimumVisualStudioVersion = 10.0.40219.1
Project("{FAE04EC0-301F-11D3-BF4B-00C04F79EFBC}") = "MalpracticeMakesPerfect", "MalpracticeMakesPerfect.csproj", "{F6C84E46-DD5B-4FFF-A735-D2A260AA3791}"
EndProject
Global
	GlobalSection(SolutionConfigurationPlatforms) = preSolution
		Debug|Any CPU = Debug|Any CPU
		Release|Any CPU = Release|Any CPU
	EndGlobalSection
	GlobalSection(ProjectConfigurationPlatforms) = postSolution
		{F6C84E46-DD5B-4FFF-A735-D2A260AA3791}.Debug|Any CPU.ActiveCfg = Debug|Any CPU
		{F6C84E46-DD5B-4FFF-A735-D2A260AA3791}.Debug|Any CPU.Build.0 = Debug|Any CPU
		{F6C84E46-DD5B-4FFF-A735-D2A260AA3791}.Release|Any CPU.ActiveCfg = Release|Any CPU
		{F6C84E46-DD5B-4FFF-A735-D2A260AA3791}.Release|Any CPU.Build.0 = Release|Any CPU
	EndGlobalSection
	GlobalSection(SolutionProperties) = preSolution
		HideSolutionNode = FALSE
	EndGlobalSection
	GlobalSection(ExtensibilityGlobals) = postSolution
		SolutionGuid = {A17977E8-24C5-4D75-BD34-F6D05CE8BD39}
	EndGlobalSection
EndGlobal
